
Microsoft Visual Studio Solution File, Format Version 12.00
# Visual Studio Version 17
VisualStudioVersion = 17.10.34928.147
MinimumVisualStudioVersion = 10.0.40219.1
Project("{FAE04EC0-301F-11D3-BF4B-00C04F79EFBC}") = "azure-app-wah-vs", "azure-app-wah-vs\azure-app-wah-vs.csproj", "{51C74ABD-315B-4D31-A41D-D7F88641EEF1}"
EndProject
Global
	GlobalSection(SolutionConfigurationPlatforms) = preSolution
		Debug|Any CPU = Debug|Any CPU
		Release|Any CPU = Release|Any CPU
	EndGlobalSection
	GlobalSection(ProjectConfigurationPlatforms) = postSolution
		{51C74ABD-315B-4D31-A41D-D7F88641EEF1}.Debug|Any CPU.ActiveCfg = Debug|Any CPU
		{51C74ABD-315B-4D31-A41D-D7F88641EEF1}.Debug|Any CPU.Build.0 = Debug|Any CPU
		{51C74ABD-315B-4D31-A41D-D7F88641EEF1}.Release|Any CPU.ActiveCfg = Release|Any CPU
		{51C74ABD-315B-4D31-A41D-D7F88641EEF1}.Release|Any CPU.Build.0 = Release|Any CPU
	EndGlobalSection
	GlobalSection(SolutionProperties) = preSolution
		HideSolutionNode = FALSE
	EndGlobalSection
	GlobalSection(ExtensibilityGlobals) = postSolution
		SolutionGuid = {C53A54CB-BCB0-4592-A232-E3D1A7CD45AF}
	EndGlobalSection
EndGlobal
